
Microsoft Visual Studio Solution File, Format Version 12.00
# Visual Studio Version 17
VisualStudioVersion = 17.13.35818.85
MinimumVisualStudioVersion = 10.0.40219.1
Project("{FAE04EC0-301F-11D3-BF4B-00C04F79EFBC}") = "CatalogConsoleApp", "CatalogConsoleApp\CatalogConsoleApp.csproj", "{BA677205-A2E1-49A4-9DBB-9F2794726793}"
EndProject
Project("{FAE04EC0-301F-11D3-BF4B-00C04F79EFBC}") = "Catalog.Service", "Catalog.Service\Catalog.Service.csproj", "{B9C5FEBB-5F30-432C-8D8D-5351A929DE33}"
EndProject
Project("{FAE04EC0-301F-11D3-BF4B-00C04F79EFBC}") = "CatalogWebApp", "CatalogWebApp\CatalogWebApp.csproj", "{6524187C-60DF-411D-8110-82FB36647081}"
EndProject
Project("{FAE04EC0-301F-11D3-BF4B-00C04F79EFBC}") = "Catalog.Repository", "Catalog.Repository\Catalog.Repository.csproj", "{D2EF5E09-E93C-A21F-E2A3-24576EE11A91}"
EndProject
Global
	GlobalSection(SolutionConfigurationPlatforms) = preSolution
		Debug|Any CPU = Debug|Any CPU
		Release|Any CPU = Release|Any CPU
	EndGlobalSection
	GlobalSection(ProjectConfigurationPlatforms) = postSolution
		{BA677205-A2E1-49A4-9DBB-9F2794726793}.Debug|Any CPU.ActiveCfg = Debug|Any CPU
		{BA677205-A2E1-49A4-9DBB-9F2794726793}.Debug|Any CPU.Build.0 = Debug|Any CPU
		{BA677205-A2E1-49A4-9DBB-9F2794726793}.Release|Any CPU.ActiveCfg = Release|Any CPU
		{BA677205-A2E1-49A4-9DBB-9F2794726793}.Release|Any CPU.Build.0 = Release|Any CPU
		{B9C5FEBB-5F30-432C-8D8D-5351A929DE33}.Debug|Any CPU.ActiveCfg = Debug|Any CPU
		{B9C5FEBB-5F30-432C-8D8D-5351A929DE33}.Debug|Any CPU.Build.0 = Debug|Any CPU
		{B9C5FEBB-5F30-432C-8D8D-5351A929DE33}.Release|Any CPU.ActiveCfg = Release|Any CPU
		{B9C5FEBB-5F30-432C-8D8D-5351A929DE33}.Release|Any CPU.Build.0 = Release|Any CPU
		{6524187C-60DF-411D-8110-82FB36647081}.Debug|Any CPU.ActiveCfg = Debug|Any CPU
		{6524187C-60DF-411D-8110-82FB36647081}.Debug|Any CPU.Build.0 = Debug|Any CPU
		{6524187C-60DF-411D-8110-82FB36647081}.Release|Any CPU.ActiveCfg = Release|Any CPU
		{6524187C-60DF-411D-8110-82FB36647081}.Release|Any CPU.Build.0 = Release|Any CPU
		{D2EF5E09-E93C-A21F-E2A3-24576EE11A91}.Debug|Any CPU.ActiveCfg = Debug|Any CPU
		{D2EF5E09-E93C-A21F-E2A3-24576EE11A91}.Debug|Any CPU.Build.0 = Debug|Any CPU
		{D2EF5E09-E93C-A21F-E2A3-24576EE11A91}.Release|Any CPU.ActiveCfg = Release|Any CPU
		{D2EF5E09-E93C-A21F-E2A3-24576EE11A91}.Release|Any CPU.Build.0 = Release|Any CPU
	EndGlobalSection
	GlobalSection(SolutionProperties) = preSolution
		HideSolutionNode = FALSE
	EndGlobalSection
	GlobalSection(ExtensibilityGlobals) = postSolution
		SolutionGuid = {31F772A6-B426-4930-B784-FB2DB2977128}
	EndGlobalSection
EndGlobal
